
Microsoft Visual Studio Solution File, Format Version 12.00
# Visual Studio 14
VisualStudioVersion = 14.0.25420.1
MinimumVisualStudioVersion = 10.0.40219.1
Project("{FAE04EC0-301F-11D3-BF4B-00C04F79EFBC}") = "Zlo", "Zlo\Zlo.csproj", "{DB55F0F7-53EA-4911-BE2A-82926AB6AD28}"
EndProject
Project("{FAE04EC0-301F-11D3-BF4B-00C04F79EFBC}") = "Demo", "Demo\Demo.csproj", "{B7A2F637-11C5-46CF-A191-C7B8E8918325}"
EndProject
Project("{FAE04EC0-301F-11D3-BF4B-00C04F79EFBC}") = "Old_ZloGUILauncher", "ZloLauncher\Old_ZloGUILauncher.csproj", "{9BF1BC63-0319-4069-86F5-1494178802BE}"
EndProject
Project("{FAE04EC0-301F-11D3-BF4B-00C04F79EFBC}") = "ZloGUILauncher", "ZloGUILauncher\ZloGUILauncher.csproj", "{BA2ED80F-F18A-4A4C-BB46-1DEA5BBE5F38}"
EndProject
Global
	GlobalSection(SolutionConfigurationPlatforms) = preSolution
		Debug|Any CPU = Debug|Any CPU
		Release|Any CPU = Release|Any CPU
	EndGlobalSection
	GlobalSection(ProjectConfigurationPlatforms) = postSolution
		{DB55F0F7-53EA-4911-BE2A-82926AB6AD28}.Debug|Any CPU.ActiveCfg = Debug|Any CPU
		{DB55F0F7-53EA-4911-BE2A-82926AB6AD28}.Debug|Any CPU.Build.0 = Debug|Any CPU
		{DB55F0F7-53EA-4911-BE2A-82926AB6AD28}.Release|Any CPU.ActiveCfg = Release|Any CPU
		{DB55F0F7-53EA-4911-BE2A-82926AB6AD28}.Release|Any CPU.Build.0 = Release|Any CPU
		{B7A2F637-11C5-46CF-A191-C7B8E8918325}.Debug|Any CPU.ActiveCfg = Debug|Any CPU
		{B7A2F637-11C5-46CF-A191-C7B8E8918325}.Debug|Any CPU.Build.0 = Debug|Any CPU
		{B7A2F637-11C5-46CF-A191-C7B8E8918325}.Release|Any CPU.ActiveCfg = Release|Any CPU
		{B7A2F637-11C5-46CF-A191-C7B8E8918325}.Release|Any CPU.Build.0 = Release|Any CPU
		{9BF1BC63-0319-4069-86F5-1494178802BE}.Debug|Any CPU.ActiveCfg = Debug|Any CPU
		{9BF1BC63-0319-4069-86F5-1494178802BE}.Debug|Any CPU.Build.0 = Debug|Any CPU
		{9BF1BC63-0319-4069-86F5-1494178802BE}.Release|Any CPU.ActiveCfg = Release|Any CPU
		{9BF1BC63-0319-4069-86F5-1494178802BE}.Release|Any CPU.Build.0 = Release|Any CPU
		{BA2ED80F-F18A-4A4C-BB46-1DEA5BBE5F38}.Debug|Any CPU.ActiveCfg = Debug|Any CPU
		{BA2ED80F-F18A-4A4C-BB46-1DEA5BBE5F38}.Debug|Any CPU.Build.0 = Debug|Any CPU
		{BA2ED80F-F18A-4A4C-BB46-1DEA5BBE5F38}.Release|Any CPU.ActiveCfg = Release|Any CPU
		{BA2ED80F-F18A-4A4C-BB46-1DEA5BBE5F38}.Release|Any CPU.Build.0 = Release|Any CPU
	EndGlobalSection
	GlobalSection(SolutionProperties) = preSolution
		HideSolutionNode = FALSE
	EndGlobalSection
EndGlobal
